// !$*UTF8*$!
{
	archiveVersion = 1;
	classes = {
	};
	objectVersion = 56;
	objects = {

/* Begin PBXBuildFile section */
		8FA47B89298E74FD0051B36F /* AppDelegate.swift in Sources */ = {isa = PBXBuildFile; fileRef = 8FA47B88298E74FD0051B36F /* AppDelegate.swift */; };
		8FA47B8B298E74FD0051B36F /* SceneDelegate.swift in Sources */ = {isa = PBXBuildFile; fileRef = 8FA47B8A298E74FD0051B36F /* SceneDelegate.swift */; };
		8FA47B8D298E74FD0051B36F /* ViewController.swift in Sources */ = {isa = PBXBuildFile; fileRef = 8FA47B8C298E74FD0051B36F /* ViewController.swift */; };
		8FA47B90298E74FD0051B36F /* Main.storyboard in Resources */ = {isa = PBXBuildFile; fileRef = 8FA47B8E298E74FD0051B36F /* Main.storyboard */; };
		8FA47B92298E74FF0051B36F /* Assets.xcassets in Resources */ = {isa = PBXBuildFile; fileRef = 8FA47B91298E74FF0051B36F /* Assets.xcassets */; };
		8FA47B95298E74FF0051B36F /* LaunchScreen.storyboard in Resources */ = {isa = PBXBuildFile; fileRef = 8FA47B93298E74FF0051B36F /* LaunchScreen.storyboard */; };
		8FA47B9D298E921F0051B36F /* NoteViewController.swift in Sources */ = {isa = PBXBuildFile; fileRef = 8FA47B9C298E921F0051B36F /* NoteViewController.swift */; };
		8FA47B9F298E92490051B36F /* EntryViewController.swift in Sources */ = {isa = PBXBuildFile; fileRef = 8FA47B9E298E92490051B36F /* EntryViewController.swift */; };
/* End PBXBuildFile section */

/* Begin PBXFileReference section */
		8FA47B85298E74FD0051B36F /* Easy Notes.app */ = {isa = PBXFileReference; explicitFileType = wrapper.application; includeInIndex = 0; path = "Easy Notes.app"; sourceTree = BUILT_PRODUCTS_DIR; };
		8FA47B88298E74FD0051B36F /* AppDelegate.swift */ = {isa = PBXFileReference; lastKnownFileType = sourcecode.swift; path = AppDelegate.swift; sourceTree = "<group>"; };
		8FA47B8A298E74FD0051B36F /* SceneDelegate.swift */ = {isa = PBXFileReference; lastKnownFileType = sourcecode.swift; path = SceneDelegate.swift; sourceTree = "<group>"; };
		8FA47B8C298E74FD0051B36F /* ViewController.swift */ = {isa = PBXFileReference; lastKnownFileType = sourcecode.swift; path = ViewController.swift; sourceTree = "<group>"; };
		8FA47B8F298E74FD0051B36F /* Base */ = {isa = PBXFileReference; lastKnownFileType = file.storyboard; name = Base; path = Base.lproj/Main.storyboard; sourceTree = "<group>"; };
		8FA47B91298E74FF0051B36F /* Assets.xcassets */ = {isa = PBXFileReference; lastKnownFileType = folder.assetcatalog; path = Assets.xcassets; sourceTree = "<group>"; };
		8FA47B94298E74FF0051B36F /* Base */ = {isa = PBXFileReference; lastKnownFileType = file.storyboard; name = Base; path = Base.lproj/LaunchScreen.storyboard; sourceTree = "<group>"; };
		8FA47B96298E74FF0051B36F /* Info.plist */ = {isa = PBXFileReference; lastKnownFileType = text.plist.xml; path = Info.plist; sourceTree = "<group>"; };
		8FA47B9C298E921F0051B36F /* NoteViewController.swift */ = {isa = PBXFileReference; lastKnownFileType = sourcecode.swift; path = NoteViewController.swift; sourceTree = "<group>"; };
		8FA47B9E298E92490051B36F /* EntryViewController.swift */ = {isa = PBXFileReference; lastKnownFileType = sourcecode.swift; path = EntryViewController.swift; sourceTree = "<group>"; };
/* End PBXFileReference section */

/* Begin PBXFrameworksBuildPhase section */
		8FA47B82298E74FD0051B36F /* Frameworks */ = {
			isa = PBXFrameworksBuildPhase;
			buildActionMask = 2147483647;
			files = (
			);
			runOnlyForDeploymentPostprocessing = 0;
		};
/* End PBXFrameworksBuildPhase section */

/* Begin PBXGroup section */
		8FA47B7C298E74FD0051B36F = {
			isa = PBXGroup;
			children = (
				8FA47B87298E74FD0051B36F /* Easy Notes */,
				8FA47B86298E74FD0051B36F /* Products */,
			);
			sourceTree = "<group>";
		};
		8FA47B86298E74FD0051B36F /* Products */ = {
			isa = PBXGroup;
			children = (
				8FA47B85298E74FD0051B36F /* Easy Notes.app */,
			);
			name = Products;
			sourceTree = "<group>";
		};
		8FA47B87298E74FD0051B36F /* Easy Notes */ = {
			isa = PBXGroup;
			children = (
				8FC9BCC9298EAA84001BE328 /* Application */,
				8FA47B8C298E74FD0051B36F /* ViewController.swift */,
				8FA47B9E298E92490051B36F /* EntryViewController.swift */,
				8FA47B9C298E921F0051B36F /* NoteViewController.swift */,
				8FA47B8E298E74FD0051B36F /* Main.storyboard */,
				8FA47B91298E74FF0051B36F /* Assets.xcassets */,
				8FA47B93298E74FF0051B36F /* LaunchScreen.storyboard */,
				8FA47B96298E74FF0051B36F /* Info.plist */,
			);
			path = "Easy Notes";
			sourceTree = "<group>";
		};
		8FC9BCC9298EAA84001BE328 /* Application */ = {
			isa = PBXGroup;
			children = (
				8FA47B88298E74FD0051B36F /* AppDelegate.swift */,
				8FA47B8A298E74FD0051B36F /* SceneDelegate.swift */,
			);
			path = Application;
			sourceTree = "<group>";
		};
/* End PBXGroup section */

/* Begin PBXNativeTarget section */
		8FA47B84298E74FD0051B36F /* Easy Notes */ = {
			isa = PBXNativeTarget;
			buildConfigurationList = 8FA47B99298E74FF0051B36F /* Build configuration list for PBXNativeTarget "Easy Notes" */;
			buildPhases = (
				8FA47B81298E74FD0051B36F /* Sources */,
				8FA47B82298E74FD0051B36F /* Frameworks */,
				8FA47B83298E74FD0051B36F /* Resources */,
			);
			buildRules = (
			);
			dependencies = (
			);
			name = "Easy Notes";
			productName = "Easy Notes";
			productReference = 8FA47B85298E74FD0051B36F /* Easy Notes.app */;
			productType = "com.apple.product-type.application";
		};
/* End PBXNativeTarget section */

/* Begin PBXProject section */
		8FA47B7D298E74FD0051B36F /* Project object */ = {
			isa = PBXProject;
			attributes = {
				BuildIndependentTargetsInParallel = 1;
				LastSwiftUpdateCheck = 1420;
				LastUpgradeCheck = 1420;
				TargetAttributes = {
					8FA47B84298E74FD0051B36F = {
						CreatedOnToolsVersion = 14.2;
					};
				};
			};
			buildConfigurationList = 8FA47B80298E74FD0051B36F /* Build configuration list for PBXProject "Easy Notes" */;
			compatibilityVersion = "Xcode 14.0";
			developmentRegion = en;
			hasScannedForEncodings = 0;
			knownRegions = (
				en,
				Base,
			);
			mainGroup = 8FA47B7C298E74FD0051B36F;
			productRefGroup = 8FA47B86298E74FD0051B36F /* Products */;
			projectDirPath = "";
			projectRoot = "";
			targets = (
				8FA47B84298E74FD0051B36F /* Easy Notes */,
			);
		};
/* End PBXProject section */

/* Begin PBXResourcesBuildPhase section */
		8FA47B83298E74FD0051B36F /* Resources */ = {
			isa = PBXResourcesBuildPhase;
			buildActionMask = 2147483647;
			files = (
				8FA47B95298E74FF0051B36F /* LaunchScreen.storyboard in Resources */,
				8FA47B92298E74FF0051B36F /* Assets.xcassets in Resources */,
				8FA47B90298E74FD0051B36F /* Main.storyboard in Resources */,
			);
			runOnlyForDeploymentPostprocessing = 0;
		};
/* End PBXResourcesBuildPhase section */

/* Begin PBXSourcesBuildPhase section */
		8FA47B81298E74FD0051B36F /* Sources */ = {
			isa = PBXSourcesBuildPhase;
			buildActionMask = 2147483647;
			files = (
				8FA47B9D298E921F0051B36F /* NoteViewController.swift in Sources */,
				8FA47B9F298E92490051B36F /* EntryViewController.swift in Sources */,
				8FA47B8D298E74FD0051B36F /* ViewController.swift in Sources */,
				8FA47B89298E74FD0051B36F /* AppDelegate.swift in Sources */,
				8FA47B8B298E74FD0051B36F /* SceneDelegate.swift in Sources */,
			);
			runOnlyForDeploymentPostprocessing = 0;
		};
/* End PBXSourcesBuildPhase section */

/* Begin PBXVariantGroup section */
		8FA47B8E298E74FD0051B36F /* Main.storyboard */ = {
			isa = PBXVariantGroup;
			children = (
				8FA47B8F298E74FD0051B36F /* Base */,
			);
			name = Main.storyboard;
			sourceTree = "<group>";
		};
		8FA47B93298E74FF0051B36F /* LaunchScreen.storyboard */ = {
			isa = PBXVariantGroup;
			children = (
				8FA47B94298E74FF0051B36F /* Base */,
			);
			name = LaunchScreen.storyboard;
			sourceTree = "<group>";
		};
/* End PBXVariantGroup section */

/* Begin XCBuildConfiguration section */
		8FA47B97298E74FF0051B36F /* Debug */ = {
			isa = XCBuildConfiguration;
			buildSettings = {
				ALWAYS_SEARCH_USER_PATHS = NO;
				CLANG_ANALYZER_NONNULL = YES;
				CLANG_ANALYZER_NUMBER_OBJECT_CONVERSION = YES_AGGRESSIVE;
				CLANG_CXX_LANGUAGE_STANDARD = "gnu++20";
				CLANG_ENABLE_MODULES = YES;
				CLANG_ENABLE_OBJC_ARC = YES;
				CLANG_ENABLE_OBJC_WEAK = YES;
				CLANG_WARN_BLOCK_CAPTURE_AUTORELEASING = YES;
				CLANG_WARN_BOOL_CONVERSION = YES;
				CLANG_WARN_COMMA = YES;
				CLANG_WARN_CONSTANT_CONVERSION = YES;
				CLANG_WARN_DEPRECATED_OBJC_IMPLEMENTATIONS = YES;
				CLANG_WARN_DIRECT_OBJC_ISA_USAGE = YES_ERROR;
				CLANG_WARN_DOCUMENTATION_COMMENTS = YES;
				CLANG_WARN_EMPTY_BODY = YES;
				CLANG_WARN_ENUM_CONVERSION = YES;
				CLANG_WARN_INFINITE_RECURSION = YES;
				CLANG_WARN_INT_CONVERSION = YES;
				CLANG_WARN_NON_LITERAL_NULL_CONVERSION = YES;
				CLANG_WARN_OBJC_IMPLICIT_RETAIN_SELF = YES;
				CLANG_WARN_OBJC_LITERAL_CONVERSION = YES;
				CLANG_WARN_OBJC_ROOT_CLASS = YES_ERROR;
				CLANG_WARN_QUOTED_INCLUDE_IN_FRAMEWORK_HEADER = YES;
				CLANG_WARN_RANGE_LOOP_ANALYSIS = YES;
				CLANG_WARN_STRICT_PROTOTYPES = YES;
				CLANG_WARN_SUSPICIOUS_MOVE = YES;
				CLANG_WARN_UNGUARDED_AVAILABILITY = YES_AGGRESSIVE;
				CLANG_WARN_UNREACHABLE_CODE = YES;
				CLANG_WARN__DUPLICATE_METHOD_MATCH = YES;
				COPY_PHASE_STRIP = NO;
				DEBUG_INFORMATION_FORMAT = dwarf;
				ENABLE_STRICT_OBJC_MSGSEND = YES;
				ENABLE_TESTABILITY = YES;
				GCC_C_LANGUAGE_STANDARD = gnu11;
				GCC_DYNAMIC_NO_PIC = NO;
				GCC_NO_COMMON_BLOCKS = YES;
				GCC_OPTIMIZATION_LEVEL = 0;
				GCC_PREPROCESSOR_DEFINITIONS = (
					"DEBUG=1",
					"$(inherited)",
				);
				GCC_WARN_64_TO_32_BIT_CONVERSION = YES;
				GCC_WARN_ABOUT_RETURN_TYPE = YES_ERROR;
				GCC_WARN_UNDECLARED_SELECTOR = YES;
				GCC_WARN_UNINITIALIZED_AUTOS = YES_AGGRESSIVE;
				GCC_WARN_UNUSED_FUNCTION = YES;
				GCC_WARN_UNUSED_VARIABLE = YES;
				IPHONEOS_DEPLOYMENT_TARGET = 16.2;
				MTL_ENABLE_DEBUG_INFO = INCLUDE_SOURCE;
				MTL_FAST_MATH = YES;
				ONLY_ACTIVE_ARCH = YES;
				SDKROOT = iphoneos;
				SWIFT_ACTIVE_COMPILATION_CONDITIONS = DEBUG;
				SWIFT_OPTIMIZATION_LEVEL = "-Onone";
			};
			name = Debug;
		};
		8FA47B98298E74FF0051B36F /* Release */ = {
			isa = XCBuildConfiguration;
			buildSettings = {
				ALWAYS_SEARCH_USER_PATHS = NO;
				CLANG_ANALYZER_NONNULL = YES;
				CLANG_ANALYZER_NUMBER_OBJECT_CONVERSION = YES_AGGRESSIVE;
				CLANG_CXX_LANGUAGE_STANDARD = "gnu++20";
				CLANG_ENABLE_MODULES = YES;
				CLANG_ENABLE_OBJC_ARC = YES;
				CLANG_ENABLE_OBJC_WEAK = YES;
				CLANG_WARN_BLOCK_CAPTURE_AUTORELEASING = YES;
				CLANG_WARN_BOOL_CONVERSION = YES;
				CLANG_WARN_COMMA = YES;
				CLANG_WARN_CONSTANT_CONVERSION = YES;
				CLANG_WARN_DEPRECATED_OBJC_IMPLEMENTATIONS = YES;
				CLANG_WARN_DIRECT_OBJC_ISA_USAGE = YES_ERROR;
				CLANG_WARN_DOCUMENTATION_COMMENTS = YES;
				CLANG_WARN_EMPTY_BODY = YES;
				CLANG_WARN_ENUM_CONVERSION = YES;
				CLANG_WARN_INFINITE_RECURSION = YES;
				CLANG_WARN_INT_CONVERSION = YES;
				CLANG_WARN_NON_LITERAL_NULL_CONVERSION = YES;
				CLANG_WARN_OBJC_IMPLICIT_RETAIN_SELF = YES;
				CLANG_WARN_OBJC_LITERAL_CONVERSION = YES;
				CLANG_WARN_OBJC_ROOT_CLASS = YES_ERROR;
				CLANG_WARN_QUOTED_INCLUDE_IN_FRAMEWORK_HEADER = YES;
				CLANG_WARN_RANGE_LOOP_ANALYSIS = YES;
				CLANG_WARN_STRICT_PROTOTYPES = YES;
				CLANG_WARN_SUSPICIOUS_MOVE = YES;
				CLANG_WARN_UNGUARDED_AVAILABILITY = YES_AGGRESSIVE;
				CLANG_WARN_UNREACHABLE_CODE = YES;
				CLANG_WARN__DUPLICATE_METHOD_MATCH = YES;
				COPY_PHASE_STRIP = NO;
				DEBUG_INFORMATION_FORMAT = "dwarf-with-dsym";
				ENABLE_NS_ASSERTIONS = NO;
				ENABLE_STRICT_OBJC_MSGSEND = YES;
				GCC_C_LANGUAGE_STANDARD = gnu11;
				GCC_NO_COMMON_BLOCKS = YES;
				GCC_WARN_64_TO_32_BIT_CONVERSION = YES;
				GCC_WARN_ABOUT_RETURN_TYPE = YES_ERROR;
				GCC_WARN_UNDECLARED_SELECTOR = YES;
				GCC_WARN_UNINITIALIZED_AUTOS = YES_AGGRESSIVE;
				GCC_WARN_UNUSED_FUNCTION = YES;
				GCC_WARN_UNUSED_VARIABLE = YES;
				IPHONEOS_DEPLOYMENT_TARGET = 16.2;
				MTL_ENABLE_DEBUG_INFO = NO;
				MTL_FAST_MATH = YES;
				SDKROOT = iphoneos;
				SWIFT_COMPILATION_MODE = wholemodule;
				SWIFT_OPTIMIZATION_LEVEL = "-O";
				VALIDATE_PRODUCT = YES;
			};
			name = Release;
		};
		8FA47B9A298E74FF0051B36F /* Debug */ = {
			isa = XCBuildConfiguration;
			buildSettings = {
				ASSETCATALOG_COMPILER_APPICON_NAME = AppIcon;
				ASSETCATALOG_COMPILER_GLOBAL_ACCENT_COLOR_NAME = AccentColor;
				CODE_SIGN_STYLE = Automatic;
				CURRENT_PROJECT_VERSION = 1;
				DEVELOPMENT_TEAM = A8SBTM244Q;
				GENERATE_INFOPLIST_FILE = YES;
				INFOPLIST_FILE = "Easy Notes/Info.plist";
				INFOPLIST_KEY_CFBundleDisplayName = "Easy Notes";
				INFOPLIST_KEY_LSApplicationCategoryType = "public.app-category.productivity";
				INFOPLIST_KEY_UIApplicationSupportsIndirectInputEvents = YES;
				INFOPLIST_KEY_UILaunchStoryboardName = LaunchScreen;
				INFOPLIST_KEY_UIMainStoryboardFile = Main;
				INFOPLIST_KEY_UISupportedInterfaceOrientations = "UIInterfaceOrientationLandscapeLeft UIInterfaceOrientationLandscapeRight UIInterfaceOrientationPortrait";
				IPHONEOS_DEPLOYMENT_TARGET = 15.0;
				LD_RUNPATH_SEARCH_PATHS = (
					"$(inherited)",
					"@executable_path/Frameworks",
				);
				MARKETING_VERSION = 1.0;
				PRODUCT_BUNDLE_IDENTIFIER = "Noi-Berg.Easy-Notes";
				PRODUCT_NAME = "$(TARGET_NAME)";
				SWIFT_EMIT_LOC_STRINGS = YES;
				SWIFT_VERSION = 5.0;
				TARGETED_DEVICE_FAMILY = "1,2";
			};
			name = Debug;
		};
		8FA47B9B298E74FF0051B36F /* Release */ = {
			isa = XCBuildConfiguration;
			buildSettings = {
				ASSETCATALOG_COMPILER_APPICON_NAME = AppIcon;
				ASSETCATALOG_COMPILER_GLOBAL_ACCENT_COLOR_NAME = AccentColor;
				CODE_SIGN_STYLE = Automatic;
				CURRENT_PROJECT_VERSION = 1;
				DEVELOPMENT_TEAM = A8SBTM244Q;
				GENERATE_INFOPLIST_FILE = YES;
				INFOPLIST_FILE = "Easy Notes/Info.plist";
				INFOPLIST_KEY_CFBundleDisplayName = "Easy Notes";
				INFOPLIST_KEY_LSApplicationCategoryType = "public.app-category.productivity";
				INFOPLIST_KEY_UIApplicationSupportsIndirectInputEvents = YES;
				INFOPLIST_KEY_UILaunchStoryboardName = LaunchScreen;
				INFOPLIST_KEY_UIMainStoryboardFile = Main;
				INFOPLIST_KEY_UISupportedInterfaceOrientations = "UIInterfaceOrientationLandscapeLeft UIInterfaceOrientationLandscapeRight UIInterfaceOrientationPortrait";
				IPHONEOS_DEPLOYMENT_TARGET = 15.0;
				LD_RUNPATH_SEARCH_PATHS = (
					"$(inherited)",
					"@executable_path/Frameworks",
				);
				MARKETING_VERSION = 1.0;
				PRODUCT_BUNDLE_IDENTIFIER = "Noi-Berg.Easy-Notes";
				PRODUCT_NAME = "$(TARGET_NAME)";
				SWIFT_EMIT_LOC_STRINGS = YES;
				SWIFT_VERSION = 5.0;
				TARGETED_DEVICE_FAMILY = "1,2";
			};
			name = Release;
		};
/* End XCBuildConfiguration section */

/* Begin XCConfigurationList section */
		8FA47B80298E74FD0051B36F /* Build configuration list for PBXProject "Easy Notes" */ = {
			isa = XCConfigurationList;
			buildConfigurations = (
				8FA47B97298E74FF0051B36F /* Debug */,
				8FA47B98298E74FF0051B36F /* Release */,
			);
			defaultConfigurationIsVisible = 0;
			defaultConfigurationName = Release;
		};
		8FA47B99298E74FF0051B36F /* Build configuration list for PBXNativeTarget "Easy Notes" */ = {
			isa = XCConfigurationList;
			buildConfigurations = (
				8FA47B9A298E74FF0051B36F /* Debug */,
				8FA47B9B298E74FF0051B36F /* Release */,
			);
			defaultConfigurationIsVisible = 0;
			defaultConfigurationName = Release;
		};
/* End XCConfigurationList section */
	};
	rootObject = 8FA47B7D298E74FD0051B36F /* Project object */;
}
